# THIS IS AN AUTOGENERATED FILE. DO NOT EDIT THIS FILE DIRECTLY.
# yarn lockfile v1


ts-pattern@^5.2.0:
  version "5.2.0"
  resolved "https://registry.yarnpkg.com/ts-pattern/-/ts-pattern-5.2.0.tgz#2cad8b58fcd87c52d1785f84eba572641e1bb5f3"
  integrity sha512-aGaSpOlDcns7ZoeG/OMftWyQG1KqPVhgplhJxNCvyIXqWrumM5uIoOSarw/hmmi/T1PnuQ/uD8NaFHvLpHicDg==
